
Microsoft Visual Studio Solution File, Format Version 12.00
# Visual Studio Version 16
VisualStudioVersion = 16.0.30002.166
MinimumVisualStudioVersion = 10.0.40219.1
Project("{FAE04EC0-301F-11D3-BF4B-00C04F79EFBC}") = "CoreRequestClient", "CoreRequestClient\CoreRequestClient.csproj", "{97F17AE8-B132-4F5C-BB65-30E0FA6711DB}"
EndProject
Global
	GlobalSection(SolutionConfigurationPlatforms) = preSolution
		Debug|Any CPU = Debug|Any CPU
		Release|Any CPU = Release|Any CPU
	EndGlobalSection
	GlobalSection(ProjectConfigurationPlatforms) = postSolution
		{97F17AE8-B132-4F5C-BB65-30E0FA6711DB}.Debug|Any CPU.ActiveCfg = Debug|Any CPU
		{97F17AE8-B132-4F5C-BB65-30E0FA6711DB}.Debug|Any CPU.Build.0 = Debug|Any CPU
		{97F17AE8-B132-4F5C-BB65-30E0FA6711DB}.Release|Any CPU.ActiveCfg = Release|Any CPU
		{97F17AE8-B132-4F5C-BB65-30E0FA6711DB}.Release|Any CPU.Build.0 = Release|Any CPU
	EndGlobalSection
	GlobalSection(SolutionProperties) = preSolution
		HideSolutionNode = FALSE
	EndGlobalSection
	GlobalSection(ExtensibilityGlobals) = postSolution
		SolutionGuid = {7BC1B1D1-2979-4584-85AA-AF8F2DE5AB92}
	EndGlobalSection
EndGlobal
