
Microsoft Visual Studio Solution File, Format Version 12.00
# Visual Studio Version 16
VisualStudioVersion = 16.0.30204.135
MinimumVisualStudioVersion = 10.0.40219.1
Project("{FAE04EC0-301F-11D3-BF4B-00C04F79EFBC}") = "Handson_4", "Handson_4\Handson_4.csproj", "{052CA2FE-081E-4651-8219-C65296B0CF30}"
EndProject
Global
	GlobalSection(SolutionConfigurationPlatforms) = preSolution
		Debug|Any CPU = Debug|Any CPU
		Release|Any CPU = Release|Any CPU
	EndGlobalSection
	GlobalSection(ProjectConfigurationPlatforms) = postSolution
		{052CA2FE-081E-4651-8219-C65296B0CF30}.Debug|Any CPU.ActiveCfg = Debug|Any CPU
		{052CA2FE-081E-4651-8219-C65296B0CF30}.Debug|Any CPU.Build.0 = Debug|Any CPU
		{052CA2FE-081E-4651-8219-C65296B0CF30}.Release|Any CPU.ActiveCfg = Release|Any CPU
		{052CA2FE-081E-4651-8219-C65296B0CF30}.Release|Any CPU.Build.0 = Release|Any CPU
	EndGlobalSection
	GlobalSection(SolutionProperties) = preSolution
		HideSolutionNode = FALSE
	EndGlobalSection
	GlobalSection(ExtensibilityGlobals) = postSolution
		SolutionGuid = {8FA058F5-86EF-4244-9469-C5531B36C037}
	EndGlobalSection
EndGlobal
